
Microsoft Visual Studio Solution File, Format Version 12.00
# Visual Studio Version 17
VisualStudioVersion = 17.6.33815.320
MinimumVisualStudioVersion = 10.0.40219.1
Project("{9A19103F-16F7-4668-BE54-9A1E7A4F7556}") = "Curso.Dapper.Api", "Curso.Dapper.Api\Curso.Dapper.Api.csproj", "{ED6652CA-C89F-4649-ADF9-67BA7D884653}"
EndProject
Project("{FAE04EC0-301F-11D3-BF4B-00C04F79EFBC}") = "Curso.Dapper.ComEntity.Api", "Curso.Dapper.ComEntity.Api\Curso.Dapper.ComEntity.Api.csproj", "{2A1496CF-EA17-41DC-B82E-BC2DA6384749}"
EndProject
Global
	GlobalSection(SolutionConfigurationPlatforms) = preSolution
		Debug|Any CPU = Debug|Any CPU
		Release|Any CPU = Release|Any CPU
	EndGlobalSection
	GlobalSection(ProjectConfigurationPlatforms) = postSolution
		{ED6652CA-C89F-4649-ADF9-67BA7D884653}.Debug|Any CPU.ActiveCfg = Debug|Any CPU
		{ED6652CA-C89F-4649-ADF9-67BA7D884653}.Debug|Any CPU.Build.0 = Debug|Any CPU
		{ED6652CA-C89F-4649-ADF9-67BA7D884653}.Release|Any CPU.ActiveCfg = Release|Any CPU
		{ED6652CA-C89F-4649-ADF9-67BA7D884653}.Release|Any CPU.Build.0 = Release|Any CPU
		{2A1496CF-EA17-41DC-B82E-BC2DA6384749}.Debug|Any CPU.ActiveCfg = Debug|Any CPU
		{2A1496CF-EA17-41DC-B82E-BC2DA6384749}.Debug|Any CPU.Build.0 = Debug|Any CPU
		{2A1496CF-EA17-41DC-B82E-BC2DA6384749}.Release|Any CPU.ActiveCfg = Release|Any CPU
		{2A1496CF-EA17-41DC-B82E-BC2DA6384749}.Release|Any CPU.Build.0 = Release|Any CPU
	EndGlobalSection
	GlobalSection(SolutionProperties) = preSolution
		HideSolutionNode = FALSE
	EndGlobalSection
	GlobalSection(ExtensibilityGlobals) = postSolution
		SolutionGuid = {0A68F7EE-C528-41C3-98E2-1A8BEC69B11D}
	EndGlobalSection
EndGlobal
